
Microsoft Visual Studio Solution File, Format Version 12.00
# Visual Studio 14
VisualStudioVersion = 14.0.25420.1
MinimumVisualStudioVersion = 10.0.40219.1
Project("{2150E333-8FDC-42A3-9474-1A3956D46DE8}") = "Web.UI", "Web.UI", "{AA7A5DE1-72C0-4AB3-B0CA-04F582AD1B43}"
EndProject
Project("{2150E333-8FDC-42A3-9474-1A3956D46DE8}") = "Solution Items", "Solution Items", "{D816267B-BEE9-44DB-9EB8-0B9485EB130C}"
	ProjectSection(SolutionItems) = preProject
		global.json = global.json
		readme.md = readme.md
	EndProjectSection
EndProject
Project("{8BB2217D-0F2D-49D1-97BC-3654ED321F3B}") = "MedicalJournals.Web", "src\MedicalJournals.Web\MedicalJournals.Web.xproj", "{9B5FD5D0-EE10-4AA7-9139-B3C68DB3799F}"
EndProject
Project("{2150E333-8FDC-42A3-9474-1A3956D46DE8}") = "Common", "Common", "{D484C2AC-8F95-403E-B095-ECC44F072E05}"
EndProject
Project("{8BB2217D-0F2D-49D1-97BC-3654ED321F3B}") = "MedicalJournals.Entities", "src\Common\MedicalJournals.Entities\MedicalJournals.Entities.xproj", "{993BF710-DBD9-4F18-B584-6529D721EC10}"
EndProject
Project("{2150E333-8FDC-42A3-9474-1A3956D46DE8}") = "ThickClient", "ThickClient", "{9B3CB7D4-130E-4F25-90D7-7EA3BC72EBDB}"
EndProject
Project("{FAE04EC0-301F-11D3-BF4B-00C04F79EFBC}") = "MedicalJournals.ThickClient", "src\ThickClient\MedicalJournals.ThickClient.csproj", "{DA83E530-C71F-42A6-8401-B40829D2DC8C}"
EndProject
Project("{8BB2217D-0F2D-49D1-97BC-3654ED321F3B}") = "MedicalJournals.Identity", "src\Common\MedicalJournals.Identity\MedicalJournals.Identity.xproj", "{B124A449-8B70-4E4A-8795-31EA5084DDAD}"
EndProject
Project("{8BB2217D-0F2D-49D1-97BC-3654ED321F3B}") = "MedicalJournals.Models", "src\Common\MedicalJournals.Models\MedicalJournals.Models.xproj", "{A5976442-9437-43C4-928B-6C8C2FB399FA}"
EndProject
Project("{8BB2217D-0F2D-49D1-97BC-3654ED321F3B}") = "MedicalJournals.Enums", "src\Common\MedicalJournals.Enums\MedicalJournals.Enums.xproj", "{A794E192-DEEF-475F-9CC9-59C67CDDD8C3}"
EndProject
Project("{8BB2217D-0F2D-49D1-97BC-3654ED321F3B}") = "MedicalJournals.Helpers", "src\Common\MedicalJournals.Helpers\MedicalJournals.Helpers.xproj", "{225B4812-9786-4528-98DB-7B9E5A8AB1FC}"
EndProject
Project("{8BB2217D-0F2D-49D1-97BC-3654ED321F3B}") = "MedicalJournals.Data", "src\Common\MedicalJournals.Data\MedicalJournals.Data.xproj", "{7EAC5CE1-C56E-42FD-81B8-A44013241C31}"
EndProject
Project("{2150E333-8FDC-42A3-9474-1A3956D46DE8}") = "Tests", "Tests", "{6FCD7E2D-606D-4FD9-A945-A0A2E28533B0}"
EndProject
Project("{FAE04EC0-301F-11D3-BF4B-00C04F79EFBC}") = "MedicalJournals.UnitTests", "src\Tests\MedicalJournals.UnitTests\MedicalJournals.UnitTests.csproj", "{0E5C2F66-E9E8-4B4E-AB73-FBF3081C5AEB}"
EndProject
Project("{FAE04EC0-301F-11D3-BF4B-00C04F79EFBC}") = "MedicalJournals.IntegrationTests", "src\Tests\MedicalJournals.IntegrationTests\MedicalJournals.IntegrationTests.csproj", "{4E086A70-3AD7-455C-B860-5D1D27AC8538}"
EndProject
Global
	GlobalSection(SolutionConfigurationPlatforms) = preSolution
		Debug|Any CPU = Debug|Any CPU
		Release|Any CPU = Release|Any CPU
	EndGlobalSection
	GlobalSection(ProjectConfigurationPlatforms) = postSolution
		{9B5FD5D0-EE10-4AA7-9139-B3C68DB3799F}.Debug|Any CPU.ActiveCfg = Debug|Any CPU
		{9B5FD5D0-EE10-4AA7-9139-B3C68DB3799F}.Debug|Any CPU.Build.0 = Debug|Any CPU
		{9B5FD5D0-EE10-4AA7-9139-B3C68DB3799F}.Release|Any CPU.ActiveCfg = Release|Any CPU
		{9B5FD5D0-EE10-4AA7-9139-B3C68DB3799F}.Release|Any CPU.Build.0 = Release|Any CPU
		{993BF710-DBD9-4F18-B584-6529D721EC10}.Debug|Any CPU.ActiveCfg = Debug|Any CPU
		{993BF710-DBD9-4F18-B584-6529D721EC10}.Debug|Any CPU.Build.0 = Debug|Any CPU
		{993BF710-DBD9-4F18-B584-6529D721EC10}.Release|Any CPU.ActiveCfg = Release|Any CPU
		{993BF710-DBD9-4F18-B584-6529D721EC10}.Release|Any CPU.Build.0 = Release|Any CPU
		{DA83E530-C71F-42A6-8401-B40829D2DC8C}.Debug|Any CPU.ActiveCfg = Debug|Any CPU
		{DA83E530-C71F-42A6-8401-B40829D2DC8C}.Debug|Any CPU.Build.0 = Debug|Any CPU
		{DA83E530-C71F-42A6-8401-B40829D2DC8C}.Release|Any CPU.ActiveCfg = Release|Any CPU
		{DA83E530-C71F-42A6-8401-B40829D2DC8C}.Release|Any CPU.Build.0 = Release|Any CPU
		{B124A449-8B70-4E4A-8795-31EA5084DDAD}.Debug|Any CPU.ActiveCfg = Debug|Any CPU
		{B124A449-8B70-4E4A-8795-31EA5084DDAD}.Debug|Any CPU.Build.0 = Debug|Any CPU
		{B124A449-8B70-4E4A-8795-31EA5084DDAD}.Release|Any CPU.ActiveCfg = Release|Any CPU
		{B124A449-8B70-4E4A-8795-31EA5084DDAD}.Release|Any CPU.Build.0 = Release|Any CPU
		{A5976442-9437-43C4-928B-6C8C2FB399FA}.Debug|Any CPU.ActiveCfg = Debug|Any CPU
		{A5976442-9437-43C4-928B-6C8C2FB399FA}.Debug|Any CPU.Build.0 = Debug|Any CPU
		{A5976442-9437-43C4-928B-6C8C2FB399FA}.Release|Any CPU.ActiveCfg = Release|Any CPU
		{A5976442-9437-43C4-928B-6C8C2FB399FA}.Release|Any CPU.Build.0 = Release|Any CPU
		{A794E192-DEEF-475F-9CC9-59C67CDDD8C3}.Debug|Any CPU.ActiveCfg = Debug|Any CPU
		{A794E192-DEEF-475F-9CC9-59C67CDDD8C3}.Debug|Any CPU.Build.0 = Debug|Any CPU
		{A794E192-DEEF-475F-9CC9-59C67CDDD8C3}.Release|Any CPU.ActiveCfg = Release|Any CPU
		{A794E192-DEEF-475F-9CC9-59C67CDDD8C3}.Release|Any CPU.Build.0 = Release|Any CPU
		{225B4812-9786-4528-98DB-7B9E5A8AB1FC}.Debug|Any CPU.ActiveCfg = Debug|Any CPU
		{225B4812-9786-4528-98DB-7B9E5A8AB1FC}.Debug|Any CPU.Build.0 = Debug|Any CPU
		{225B4812-9786-4528-98DB-7B9E5A8AB1FC}.Release|Any CPU.ActiveCfg = Release|Any CPU
		{225B4812-9786-4528-98DB-7B9E5A8AB1FC}.Release|Any CPU.Build.0 = Release|Any CPU
		{7EAC5CE1-C56E-42FD-81B8-A44013241C31}.Debug|Any CPU.ActiveCfg = Debug|Any CPU
		{7EAC5CE1-C56E-42FD-81B8-A44013241C31}.Debug|Any CPU.Build.0 = Debug|Any CPU
		{7EAC5CE1-C56E-42FD-81B8-A44013241C31}.Release|Any CPU.ActiveCfg = Release|Any CPU
		{7EAC5CE1-C56E-42FD-81B8-A44013241C31}.Release|Any CPU.Build.0 = Release|Any CPU
		{0E5C2F66-E9E8-4B4E-AB73-FBF3081C5AEB}.Debug|Any CPU.ActiveCfg = Debug|Any CPU
		{0E5C2F66-E9E8-4B4E-AB73-FBF3081C5AEB}.Debug|Any CPU.Build.0 = Debug|Any CPU
		{0E5C2F66-E9E8-4B4E-AB73-FBF3081C5AEB}.Release|Any CPU.ActiveCfg = Release|Any CPU
		{0E5C2F66-E9E8-4B4E-AB73-FBF3081C5AEB}.Release|Any CPU.Build.0 = Release|Any CPU
		{4E086A70-3AD7-455C-B860-5D1D27AC8538}.Debug|Any CPU.ActiveCfg = Debug|Any CPU
		{4E086A70-3AD7-455C-B860-5D1D27AC8538}.Debug|Any CPU.Build.0 = Debug|Any CPU
		{4E086A70-3AD7-455C-B860-5D1D27AC8538}.Release|Any CPU.ActiveCfg = Release|Any CPU
		{4E086A70-3AD7-455C-B860-5D1D27AC8538}.Release|Any CPU.Build.0 = Release|Any CPU
	EndGlobalSection
	GlobalSection(SolutionProperties) = preSolution
		HideSolutionNode = FALSE
	EndGlobalSection
	GlobalSection(NestedProjects) = preSolution
		{9B5FD5D0-EE10-4AA7-9139-B3C68DB3799F} = {AA7A5DE1-72C0-4AB3-B0CA-04F582AD1B43}
		{993BF710-DBD9-4F18-B584-6529D721EC10} = {D484C2AC-8F95-403E-B095-ECC44F072E05}
		{DA83E530-C71F-42A6-8401-B40829D2DC8C} = {9B3CB7D4-130E-4F25-90D7-7EA3BC72EBDB}
		{B124A449-8B70-4E4A-8795-31EA5084DDAD} = {D484C2AC-8F95-403E-B095-ECC44F072E05}
		{A5976442-9437-43C4-928B-6C8C2FB399FA} = {D484C2AC-8F95-403E-B095-ECC44F072E05}
		{A794E192-DEEF-475F-9CC9-59C67CDDD8C3} = {D484C2AC-8F95-403E-B095-ECC44F072E05}
		{225B4812-9786-4528-98DB-7B9E5A8AB1FC} = {D484C2AC-8F95-403E-B095-ECC44F072E05}
		{7EAC5CE1-C56E-42FD-81B8-A44013241C31} = {D484C2AC-8F95-403E-B095-ECC44F072E05}
		{0E5C2F66-E9E8-4B4E-AB73-FBF3081C5AEB} = {6FCD7E2D-606D-4FD9-A945-A0A2E28533B0}
		{4E086A70-3AD7-455C-B860-5D1D27AC8538} = {6FCD7E2D-606D-4FD9-A945-A0A2E28533B0}
	EndGlobalSection
EndGlobal
